lockVersion: 2.0.0
id: 49553285-d4e8-4e9f-ac9f-208f5fe0cd0a
management:
  docChecksum: e68b021f45280da7f9b8c19469821a11
  docVersion: "1.0"
  speakeasyVersion: internal
  generationVersion: 2.237.3
  releaseVersion: 0.3.0
  configChecksum: 7ca801ee33430b86edbb521db6fcef4e
  repoURL: https://github.com/speakeasy-sdks/taamai.git
  repoSubDirectory: .
  installationURL: https://github.com/speakeasy-sdks/taamai
  published: true
features:
  go:
    core: 3.3.1
    globalSecurity: 2.82.4
    globalServerURLs: 2.82.1
    methodServerURLs: 2.82.1
    unions: 2.85.2
generatedFiles:
  - workbookandfolders.go
  - custimtemplates.go
  - chatwithpdf.go
  - misc.go
  - addonfeatures.go
  - auth.go
  - product.go
  - prompttemplate.go
  - templates.go
  - taamai.go
  - go.mod
  - go.sum
  - pkg/models/sdkerrors/sdkerror.go
  - pkg/types/bigint.go
  - pkg/types/date.go
  - pkg/types/datetime.go
  - pkg/types/decimal.go
  - pkg/types/pointers.go
  - pkg/utils/contenttype.go
  - pkg/utils/form.go
  - pkg/utils/headers.go
  - pkg/utils/json.go
  - pkg/utils/pathparams.go
  - pkg/utils/queryparams.go
  - pkg/utils/requestbody.go
  - pkg/utils/retries.go
  - pkg/utils/security.go
  - pkg/utils/utils.go
  - /pkg/models/operations/addandremovefromfavdocument.go
  - /pkg/models/operations/contentsinworkbook.go
  - /pkg/models/operations/createfolder.go
  - /pkg/models/operations/createworkbook.go
  - /pkg/models/operations/deleteworkspace.go
  - /pkg/models/operations/deleteallkindofdocuments.go
  - /pkg/models/operations/joinworkbook.go
  - /pkg/models/operations/joinworkbookrequestr.go
  - /pkg/models/operations/permanentdeletefolder.go
  - /pkg/models/operations/permanentdeleteworkspace.go
  - /pkg/models/operations/rejectworkbook.go
  - /pkg/models/operations/restoredocuemntofalltypecontentvoiceoverimagestranscriptcode.go
  - /pkg/models/operations/restoreworkspace.go
  - /pkg/models/operations/setdefualtworkspace.go
  - /pkg/models/operations/trashedfolders.go
  - /pkg/models/operations/trashedworkspaces.go
  - /pkg/models/operations/workbookdetail.go
  - /pkg/models/operations/workbookvoiceovers.go
  - /pkg/models/operations/allworkbooks.go
  - /pkg/models/operations/deletefolder.go
  - /pkg/models/operations/permanentdeletedocument.go
  - /pkg/models/operations/restorefolder.go
  - /pkg/models/operations/userchats.go
  - /pkg/models/operations/workbookcodes.go
  - /pkg/models/operations/workbookimages.go
  - /pkg/models/operations/workbookpolicies.go
  - /pkg/models/operations/workbooktranscripts.go
  - /pkg/models/operations/createcustomtemplate.go
  - /pkg/models/operations/customtemplategenerate.go
  - /pkg/models/operations/customtemplates.go
  - /pkg/models/operations/deletecustomtemplate.go
  - /pkg/models/operations/favcustomtemplates.go
  - /pkg/models/operations/restorecustomtemplate.go
  - /pkg/models/operations/trashedcustomtemplates.go
  - /pkg/models/operations/newrequest.go
  - /pkg/models/operations/sendandgetmsgtochatpdf.go
  - /pkg/models/operations/fileupload.go
  - /pkg/models/operations/pdftotext.go
  - /pkg/models/operations/uploadfileforchatpdf.go
  - /pkg/models/operations/allcategories.go
  - /pkg/models/operations/generatecode.go
  - /pkg/models/operations/generateimagefromai.go
  - /pkg/models/operations/generatespeechtotext.go
  - /pkg/models/operations/savecodeinworkspace.go
  - /pkg/models/operations/savetranscript.go
  - /pkg/models/operations/register.go
  - /pkg/models/operations/login.go
  - /pkg/models/operations/createproduct.go
  - /pkg/models/operations/deleteproduct.go
  - /pkg/models/operations/restoreproduct.go
  - /pkg/models/operations/trashedproducts.go
  - /pkg/models/operations/updateproduct.go
  - /pkg/models/operations/userproductd.go
  - /pkg/models/operations/parmenentdeleteproduct.go
  - /pkg/models/operations/addandremovefrombookmarkprompttemplate.go
  - /pkg/models/operations/createprompttemplate.go
  - /pkg/models/operations/generateprompttemplate.go
  - /pkg/models/operations/parmanentdeleteprompttemplate.go
  - /pkg/models/operations/prompttemplates.go
  - /pkg/models/operations/restoreprompttemplate.go
  - /pkg/models/operations/trashedprompttemplates.go
  - /pkg/models/operations/deleteprmopttemplate.go
  - /pkg/models/operations/prompttemplatelikeorremovefromlike.go
  - /pkg/models/operations/alltemplates.go
  - /pkg/models/operations/favtemplates.go
  - /pkg/models/operations/generatetemplate.go
  - /pkg/models/operations/processtemplate.go
  - /pkg/models/operations/templatedetail.go
  - /pkg/models/operations/templategroups.go
  - /pkg/models/shared/contentsinworkbook.go
  - /pkg/models/shared/data4.go
  - /pkg/models/shared/data5.go
  - /pkg/models/shared/data2.go
  - /pkg/models/shared/folder2.go
  - /pkg/models/shared/data6.go
  - /pkg/models/shared/datum1.go
  - /pkg/models/shared/data10.go
  - /pkg/models/shared/data9.go
  - /pkg/models/shared/data8.go
  - /pkg/models/shared/data11.go
  - /pkg/models/shared/data7.go
  - /pkg/models/shared/field.go
  - /pkg/models/shared/role.go
  - /pkg/models/shared/data14.go
  - /pkg/models/shared/data13.go
  - /pkg/models/shared/data15.go
  - /pkg/models/shared/data16.go
  - /pkg/models/shared/datum.go
  - /pkg/models/shared/security.go
  - docs/pkg/models/operations/addandremovefromfavdocumentrequest.md
  - docs/pkg/models/operations/addandremovefromfavdocumentaddandremovefromfavdocument.md
  - docs/pkg/models/operations/addandremovefromfavdocumentresponse.md
  - docs/pkg/models/operations/contentsinworkbookrequest.md
  - docs/pkg/models/operations/contentsinworkbookresponse.md
  - docs/pkg/models/operations/createfolderrequest.md
  - docs/pkg/models/operations/data3.md
  - docs/pkg/models/operations/createfoldercreatefolderlive.md
  - docs/pkg/models/operations/createfolderresponse.md
  - docs/pkg/models/operations/createworkbookrequest.md
  - docs/pkg/models/operations/data.md
  - docs/pkg/models/operations/createworkbookcreateworkbooklivw.md
  - docs/pkg/models/operations/createworkbookresponse.md
  - docs/pkg/models/operations/deleteworkspacerequest.md
  - docs/pkg/models/operations/deleteworkspacedeleteworkspacelive.md
  - docs/pkg/models/operations/deleteworkspaceresponse.md
  - docs/pkg/models/operations/deleteallkindofdocumentsdeleteallkindofdocuments.md
  - docs/pkg/models/operations/deleteallkindofdocumentsresponse.md
  - docs/pkg/models/operations/joinworkbookrequest.md
  - docs/pkg/models/operations/joinworkbookjoinworkbook.md
  - docs/pkg/models/operations/joinworkbookresponse.md
  - docs/pkg/models/operations/joinworkbookrequestrrequest.md
  - docs/pkg/models/operations/joinworkbookrequestrjoinworkbookrequestr.md
  - docs/pkg/models/operations/joinworkbookrequestrresponse.md
  - docs/pkg/models/operations/permanentdeletefolderrequest.md
  - docs/pkg/models/operations/permanentdeletefolderresponse.md
  - docs/pkg/models/operations/permanentdeleteworkspacepermanentdeleteworkspacelive.md
  - docs/pkg/models/operations/permanentdeleteworkspaceresponse.md
  - docs/pkg/models/operations/rejectworkbookrequest.md
  - docs/pkg/models/operations/rejectworkbookrejectworkbook.md
  - docs/pkg/models/operations/rejectworkbookresponse.md
  - docs/pkg/models/operations/restoredocuemntofalltypecontentvoiceoverimagestranscriptcoderequest.md
  - docs/pkg/models/operations/restoredocuemntofalltypecontentvoiceoverimagestranscriptcoderestoredocuemntofalltypecontentvoiceoverimagestranscriptcode.md
  - docs/pkg/models/operations/restoredocuemntofalltypecontentvoiceoverimagestranscriptcoderesponse.md
  - docs/pkg/models/operations/restoreworkspacerequest.md
  - docs/pkg/models/operations/restoreworkspacerestoreworkspacelive.md
  - docs/pkg/models/operations/restoreworkspaceresponse.md
  - docs/pkg/models/operations/setdefualtworkspacerequest.md
  - docs/pkg/models/operations/setdefualtworkspaceresponse.md
  - docs/pkg/models/operations/trashedfoldersrequest.md
  - docs/pkg/models/operations/trashedfolderstrashedfolderslive.md
  - docs/pkg/models/operations/trashedfoldersresponse.md
  - docs/pkg/models/operations/trashedworkspacesrequest.md
  - docs/pkg/models/operations/trashedworkspacestrashedworkspaceslive.md
  - docs/pkg/models/operations/trashedworkspacesresponse.md
  - docs/pkg/models/operations/workbookdetailrequest.md
  - docs/pkg/models/operations/data1.md
  - docs/pkg/models/operations/workbookdetailworkbookdetaillive.md
  - docs/pkg/models/operations/workbookdetailresponse.md
  - docs/pkg/models/operations/workbookvoiceoversrequest.md
  - docs/pkg/models/operations/workbookvoiceoversworkbookvoiceovers.md
  - docs/pkg/models/operations/workbookvoiceoversresponse.md
  - docs/pkg/models/operations/allworkbooksrequest.md
  - docs/pkg/models/operations/allworkbooksallworkbookslive.md
  - docs/pkg/models/operations/allworkbooksresponse.md
  - docs/pkg/models/operations/deletefolderrequest.md
  - docs/pkg/models/operations/deletefolderdeletefolder.md
  - docs/pkg/models/operations/deletefolderresponse.md
  - docs/pkg/models/operations/permanentdeletedocumentrequest.md
  - docs/pkg/models/operations/permanentdeletedocumentpermanentdeletedocument.md
  - docs/pkg/models/operations/permanentdeletedocumentresponse.md
  - docs/pkg/models/operations/restorefolderrequest.md
  - docs/pkg/models/operations/restorefolderresponse.md
  - docs/pkg/models/operations/userchatsrequest.md
  - docs/pkg/models/operations/userchatsuserchats.md
  - docs/pkg/models/operations/userchatsresponse.md
  - docs/pkg/models/operations/workbookcodesrequest.md
  - docs/pkg/models/operations/workbookcodesnewrequest.md
  - docs/pkg/models/operations/workbookcodesresponse.md
  - docs/pkg/models/operations/workbookimagesrequest.md
  - docs/pkg/models/operations/workbookimagesworkbookimages.md
  - docs/pkg/models/operations/workbookimagesresponse.md
  - docs/pkg/models/operations/workbookpoliciesrequest.md
  - docs/pkg/models/operations/workbookpoliciesworkbookpolicies.md
  - docs/pkg/models/operations/workbookpoliciesresponse.md
  - docs/pkg/models/operations/workbooktranscriptsrequest.md
  - docs/pkg/models/operations/workbooktranscriptsworkbooktranscripts.md
  - docs/pkg/models/operations/workbooktranscriptsresponse.md
  - docs/pkg/models/operations/data12.md
  - docs/pkg/models/operations/createcustomtemplatecreatecustomtemplate.md
  - docs/pkg/models/operations/createcustomtemplateresponse.md
  - docs/pkg/models/operations/customtemplategeneraterequest.md
  - docs/pkg/models/operations/customtemplategeneratecustomtemplategenerate.md
  - docs/pkg/models/operations/customtemplategenerateresponse.md
  - docs/pkg/models/operations/customtemplatesrequest.md
  - docs/pkg/models/operations/customtemplatesresponse.md
  - docs/pkg/models/operations/deletecustomtemplaterequest.md
  - docs/pkg/models/operations/deletecustomtemplatedeletecustomtemplate.md
  - docs/pkg/models/operations/deletecustomtemplateresponse.md
  - docs/pkg/models/operations/favcustomtemplatesrequest.md
  - docs/pkg/models/operations/favcustomtemplatesresponse.md
  - docs/pkg/models/operations/restorecustomtemplaterequest.md
  - docs/pkg/models/operations/restorecustomtemplaterestorecustomtemplate.md
  - docs/pkg/models/operations/restorecustomtemplateresponse.md
  - docs/pkg/models/operations/trashedcustomtemplatesrequest.md
  - docs/pkg/models/operations/trashedcustomtemplatestrashedcustomtemplates.md
  - docs/pkg/models/operations/trashedcustomtemplatesresponse.md
  - docs/pkg/models/operations/newrequestrequest.md
  - docs/pkg/models/operations/newrequestresponse.md
  - docs/pkg/models/operations/sendandgetmsgtochatpdfrequestbody.md
  - docs/pkg/models/operations/sendandgetmsgtochatpdfresponse.md
  - docs/pkg/models/operations/file.md
  - docs/pkg/models/operations/fileuploadrequestbody.md
  - docs/pkg/models/operations/fileuploadresponse.md
  - docs/pkg/models/operations/pdftotextfile.md
  - docs/pkg/models/operations/pdftotextrequestbody.md
  - docs/pkg/models/operations/pdftotextresponse.md
  - docs/pkg/models/operations/uploadfileforchatpdffile.md
  - docs/pkg/models/operations/uploadfileforchatpdfrequestbody.md
  - docs/pkg/models/operations/uploadfileforchatpdfresponse.md
  - docs/pkg/models/operations/allcategoriesrequest.md
  - docs/pkg/models/operations/allcategoriesresponse.md
  - docs/pkg/models/operations/generatecoderequest.md
  - docs/pkg/models/operations/generatecodegeneratecode.md
  - docs/pkg/models/operations/generatecoderesponse.md
  - docs/pkg/models/operations/generateimagefromairequest.md
  - docs/pkg/models/operations/data17.md
  - docs/pkg/models/operations/generateimagefromaigenerateimagefromai.md
  - docs/pkg/models/operations/generateimagefromairesponse.md
  - docs/pkg/models/operations/audiofile.md
  - docs/pkg/models/operations/generatespeechtotextrequestbody.md
  - docs/pkg/models/operations/generatespeechtotextgeneratespeechtotext.md
  - docs/pkg/models/operations/generatespeechtotextresponse.md
  - docs/pkg/models/operations/savecodeinworkspacerequest.md
  - docs/pkg/models/operations/savecodeinworkspacesavecodeinworkspace.md
  - docs/pkg/models/operations/savecodeinworkspaceresponse.md
  - docs/pkg/models/operations/savetranscriptrequest.md
  - docs/pkg/models/operations/savetranscriptsavetranscript.md
  - docs/pkg/models/operations/savetranscriptresponse.md
  - docs/pkg/models/operations/registerrequest.md
  - docs/pkg/models/operations/user2.md
  - docs/pkg/models/operations/registerexamplewithdefaultplansubdomainandsubsctpion.md
  - docs/pkg/models/operations/registerresponse.md
  - docs/pkg/models/operations/loginrequestbody.md
  - docs/pkg/models/operations/user.md
  - docs/pkg/models/operations/loginlogin.md
  - docs/pkg/models/operations/loginresponse.md
  - docs/pkg/models/operations/createproductrequestbody.md
  - docs/pkg/models/operations/createproductcreateproduct.md
  - docs/pkg/models/operations/createproductresponse.md
  - docs/pkg/models/operations/deleteproductrequest.md
  - docs/pkg/models/operations/deleteproductdeleteproduct.md
  - docs/pkg/models/operations/deleteproductresponse.md
  - docs/pkg/models/operations/restoreproductrequest.md
  - docs/pkg/models/operations/restoreproductrestoreproduct.md
  - docs/pkg/models/operations/restoreproductresponse.md
  - docs/pkg/models/operations/trashedproductsrequest.md
  - docs/pkg/models/operations/trashedproductstrashedproducts.md
  - docs/pkg/models/operations/trashedproductsresponse.md
  - docs/pkg/models/operations/updateproductrequest.md
  - docs/pkg/models/operations/updateproductupdateproduct.md
  - docs/pkg/models/operations/updateproductresponse.md
  - docs/pkg/models/operations/userproductdrequest.md
  - docs/pkg/models/operations/userproductduserproductd.md
  - docs/pkg/models/operations/userproductdresponse.md
  - docs/pkg/models/operations/parmenentdeleteproductrequest.md
  - docs/pkg/models/operations/parmenentdeleteproductnewrequest1.md
  - docs/pkg/models/operations/parmenentdeleteproductresponse.md
  - docs/pkg/models/operations/addandremovefrombookmarkprompttemplaterequest.md
  - docs/pkg/models/operations/addandremovefrombookmarkprompttemplatenewrequest1.md
  - docs/pkg/models/operations/addandremovefrombookmarkprompttemplateresponse.md
  - docs/pkg/models/operations/createprompttemplaterequest.md
  - docs/pkg/models/operations/createprompttemplatecreateprompttemplate.md
  - docs/pkg/models/operations/createprompttemplateresponse.md
  - docs/pkg/models/operations/generateprompttemplaterequest.md
  - docs/pkg/models/operations/generateprompttemplategenerateprompttemplate.md
  - docs/pkg/models/operations/generateprompttemplateresponse.md
  - docs/pkg/models/operations/parmanentdeleteprompttemplaterequest.md
  - docs/pkg/models/operations/parmanentdeleteprompttemplateparmanentdeleteprompttemplate.md
  - docs/pkg/models/operations/parmanentdeleteprompttemplateresponse.md
  - docs/pkg/models/operations/prompttemplatesrequest.md
  - docs/pkg/models/operations/prompttemplatesprompttemplates.md
  - docs/pkg/models/operations/prompttemplatesresponse.md
  - docs/pkg/models/operations/restoreprompttemplaterequest.md
  - docs/pkg/models/operations/restoreprompttemplaterestoreprompttemplate.md
  - docs/pkg/models/operations/restoreprompttemplateresponse.md
  - docs/pkg/models/operations/trashedprompttemplatesrequest.md
  - docs/pkg/models/operations/trashedprompttemplatestrashedprompttemplates.md
  - docs/pkg/models/operations/trashedprompttemplatesresponse.md
  - docs/pkg/models/operations/deleteprmopttemplaterequest.md
  - docs/pkg/models/operations/deleteprmopttemplatedeleteprmopttemplate.md
  - docs/pkg/models/operations/deleteprmopttemplateresponse.md
  - docs/pkg/models/operations/prompttemplatelikeorremovefromlikerequest.md
  - docs/pkg/models/operations/prompttemplatelikeorremovefromlikeprompttemplatelikeorremovefromlike.md
  - docs/pkg/models/operations/prompttemplatelikeorremovefromlikeresponse.md
  - docs/pkg/models/operations/alltemplatesrequest.md
  - docs/pkg/models/operations/alltemplatesalltemplates.md
  - docs/pkg/models/operations/alltemplatesresponse.md
  - docs/pkg/models/operations/favtemplatesrequest.md
  - docs/pkg/models/operations/favtemplatesresponse.md
  - docs/pkg/models/operations/generatetemplaterequest.md
  - docs/pkg/models/operations/generatetemplategeneratetemplate.md
  - docs/pkg/models/operations/generatetemplateresponse.md
  - docs/pkg/models/operations/processtemplaterequest.md
  - docs/pkg/models/operations/processtemplateprocesstemplate.md
  - docs/pkg/models/operations/processtemplateresponse.md
  - docs/pkg/models/operations/templatedetailrequest.md
  - docs/pkg/models/operations/templatedetailresponse.md
  - docs/pkg/models/operations/templategroupsresponse.md
  - docs/pkg/models/shared/contentsinworkbook.md
  - docs/pkg/models/shared/words.md
  - docs/pkg/models/shared/data4.md
  - docs/pkg/models/shared/data5.md
  - docs/pkg/models/shared/data2.md
  - docs/pkg/models/shared/folder2.md
  - docs/pkg/models/shared/data6.md
  - docs/pkg/models/shared/folder.md
  - docs/pkg/models/shared/folders.md
  - docs/pkg/models/shared/datum1.md
  - docs/pkg/models/shared/data10.md
  - docs/pkg/models/shared/data9.md
  - docs/pkg/models/shared/data8.md
  - docs/pkg/models/shared/data11.md
  - docs/pkg/models/shared/data7.md
  - docs/pkg/models/shared/field.md
  - docs/pkg/models/shared/pivot.md
  - docs/pkg/models/shared/role.md
  - docs/pkg/models/shared/data14.md
  - docs/pkg/models/shared/data13.md
  - docs/pkg/models/shared/data15.md
  - docs/pkg/models/shared/data16.md
  - docs/pkg/models/shared/datum.md
  - docs/pkg/models/shared/security.md
  - docs/sdks/taamai/README.md
  - docs/pkg/models/operations/option.md
  - docs/sdks/workbookandfolders/README.md
  - docs/sdks/custimtemplates/README.md
  - docs/sdks/chatwithpdf/README.md
  - docs/sdks/misc/README.md
  - docs/sdks/addonfeatures/README.md
  - docs/sdks/auth/README.md
  - docs/sdks/product/README.md
  - docs/sdks/prompttemplate/README.md
  - docs/sdks/templates/README.md
  - USAGE.md
  - pkg/models/operations/options.go
  - .gitattributes
